
Microsoft Visual Studio Solution File, Format Version 12.00
# Visual Studio Version 17
VisualStudioVersion = 17.14.37111.16 d17.14
MinimumVisualStudioVersion = 10.0.40219.1
Project("{FAE04EC0-301F-11D3-BF4B-00C04F79EFBC}") = "ST10480375_PROG6221_POE_PART_3", "ST10480375_PROG6221_POE_PART_3\ST10480375_PROG6221_POE_PART_3.csproj", "{066F27E5-3B0A-486F-973C-A4C48B59CC17}"
EndProject
Global
	GlobalSection(SolutionConfigurationPlatforms) = preSolution
		Debug|Any CPU = Debug|Any CPU
		Release|Any CPU = Release|Any CPU
	EndGlobalSection
	GlobalSection(ProjectConfigurationPlatforms) = postSolution
		{066F27E5-3B0A-486F-973C-A4C48B59CC17}.Debug|Any CPU.ActiveCfg = Debug|Any CPU
		{066F27E5-3B0A-486F-973C-A4C48B59CC17}.Debug|Any CPU.Build.0 = Debug|Any CPU
		{066F27E5-3B0A-486F-973C-A4C48B59CC17}.Release|Any CPU.ActiveCfg = Release|Any CPU
		{066F27E5-3B0A-486F-973C-A4C48B59CC17}.Release|Any CPU.Build.0 = Release|Any CPU
	EndGlobalSection
	GlobalSection(SolutionProperties) = preSolution
		HideSolutionNode = FALSE
	EndGlobalSection
	GlobalSection(ExtensibilityGlobals) = postSolution
		SolutionGuid = {129E40DA-C6A8-49AD-83D8-1D6C447D17F8}
	EndGlobalSection
EndGlobal
